
Microsoft Visual Studio Solution File, Format Version 12.00
# Visual Studio Version 16
VisualStudioVersion = 16.0.31729.503
MinimumVisualStudioVersion = 10.0.40219.1
Project("{FAE04EC0-301F-11D3-BF4B-00C04F79EFBC}") = "WebNotesApi", "web-notes-api\WebNotesApi.csproj", "{FF4F8A4C-A6C6-4626-A670-2E97BC84130C}"
EndProject
Project("{FAE04EC0-301F-11D3-BF4B-00C04F79EFBC}") = "WebNotesApplication", "WebNotesApplication\WebNotesApplication.csproj", "{88D3C1C4-86FE-45DF-A957-A790BD54845C}"
EndProject
Project("{FAE04EC0-301F-11D3-BF4B-00C04F79EFBC}") = "WebNotesData", "WebNotesData\WebNotesData.csproj", "{81E8414C-A3F1-464E-9749-C180D3C25C72}"
EndProject
Global
	GlobalSection(SolutionConfigurationPlatforms) = preSolution
		Debug|Any CPU = Debug|Any CPU
		Release|Any CPU = Release|Any CPU
	EndGlobalSection
	GlobalSection(ProjectConfigurationPlatforms) = postSolution
		{FF4F8A4C-A6C6-4626-A670-2E97BC84130C}.Debug|Any CPU.ActiveCfg = Debug|Any CPU
		{FF4F8A4C-A6C6-4626-A670-2E97BC84130C}.Debug|Any CPU.Build.0 = Debug|Any CPU
		{FF4F8A4C-A6C6-4626-A670-2E97BC84130C}.Release|Any CPU.ActiveCfg = Release|Any CPU
		{FF4F8A4C-A6C6-4626-A670-2E97BC84130C}.Release|Any CPU.Build.0 = Release|Any CPU
		{88D3C1C4-86FE-45DF-A957-A790BD54845C}.Debug|Any CPU.ActiveCfg = Debug|Any CPU
		{88D3C1C4-86FE-45DF-A957-A790BD54845C}.Debug|Any CPU.Build.0 = Debug|Any CPU
		{88D3C1C4-86FE-45DF-A957-A790BD54845C}.Release|Any CPU.ActiveCfg = Release|Any CPU
		{88D3C1C4-86FE-45DF-A957-A790BD54845C}.Release|Any CPU.Build.0 = Release|Any CPU
		{81E8414C-A3F1-464E-9749-C180D3C25C72}.Debug|Any CPU.ActiveCfg = Debug|Any CPU
		{81E8414C-A3F1-464E-9749-C180D3C25C72}.Debug|Any CPU.Build.0 = Debug|Any CPU
		{81E8414C-A3F1-464E-9749-C180D3C25C72}.Release|Any CPU.ActiveCfg = Release|Any CPU
		{81E8414C-A3F1-464E-9749-C180D3C25C72}.Release|Any CPU.Build.0 = Release|Any CPU
	EndGlobalSection
	GlobalSection(SolutionProperties) = preSolution
		HideSolutionNode = FALSE
	EndGlobalSection
	GlobalSection(ExtensibilityGlobals) = postSolution
		SolutionGuid = {3584D89E-81C3-4192-B17F-B4AEBA5CB2F8}
	EndGlobalSection
EndGlobal
